// !$*UTF8*$!
{
	archiveVersion = 1;
	classes = {
	};
	objectVersion = 46;
	objects = {

/* Begin PBXBuildFile section */
		16889CD81DDCC70F003F6BF5 /* main.cpp in Sources */ = {isa = PBXBuildFile; fileRef = 16889CD71DDCC70F003F6BF5 /* main.cpp */; };
		16889CE01DDCC743003F6BF5 /* GLUT.framework in Frameworks */ = {isa = PBXBuildFile; fileRef = 16889CDF1DDCC743003F6BF5 /* GLUT.framework */; };
		16889CE21DDCC749003F6BF5 /* OpenGL.framework in Frameworks */ = {isa = PBXBuildFile; fileRef = 16889CE11DDCC749003F6BF5 /* OpenGL.framework */; };
/* End PBXBuildFile section */

/* Begin PBXCopyFilesBuildPhase section */
		16889CD21DDCC70F003F6BF5 /* CopyFiles */ = {
			isa = PBXCopyFilesBuildPhase;
			buildActionMask = 2147483647;
			dstPath = /usr/share/man/man1/;
			dstSubfolderSpec = 0;
			files = (
			);
			runOnlyForDeploymentPostprocessing = 1;
		};
/* End PBXCopyFilesBuildPhase section */

/* Begin PBXFileReference section */
		16889CD41DDCC70F003F6BF5 /* aim-and-shoot */ = {isa = PBXFileReference; explicitFileType = "compiled.mach-o.executable"; includeInIndex = 0; path = "aim-and-shoot"; sourceTree = BUILT_PRODUCTS_DIR; };
		16889CD71DDCC70F003F6BF5 /* main.cpp */ = {isa = PBXFileReference; lastKnownFileType = sourcecode.cpp.cpp; path = main.cpp; sourceTree = "<group>"; };
		16889CDF1DDCC743003F6BF5 /* GLUT.framework */ = {isa = PBXFileReference; lastKnownFileType = wrapper.framework; name = GLUT.framework; path = System/Library/Frameworks/GLUT.framework; sourceTree = SDKROOT; };
		16889CE11DDCC749003F6BF5 /* OpenGL.framework */ = {isa = PBXFileReference; lastKnownFileType = wrapper.framework; name = OpenGL.framework; path = System/Library/Frameworks/OpenGL.framework; sourceTree = SDKROOT; };
/* End PBXFileReference section */

/* Begin PBXFrameworksBuildPhase section */
		16889CD11DDCC70F003F6BF5 /* Frameworks */ = {
			isa = PBXFrameworksBuildPhase;
			buildActionMask = 2147483647;
			files = (
				16889CE21DDCC749003F6BF5 /* OpenGL.framework in Frameworks */,
				16889CE01DDCC743003F6BF5 /* GLUT.framework in Frameworks */,
			);
			runOnlyForDeploymentPostprocessing = 0;
		};
/* End PBXFrameworksBuildPhase section */

/* Begin PBXGroup section */
		16889CCB1DDCC70F003F6BF5 = {
			isa = PBXGroup;
			children = (
				16889CD61DDCC70F003F6BF5 /* aim-and-shoot */,
				16889CD51DDCC70F003F6BF5 /* Products */,
				16889CDE1DDCC743003F6BF5 /* Frameworks */,
			);
			sourceTree = "<group>";
		};
		16889CD51DDCC70F003F6BF5 /* Products */ = {
			isa = PBXGroup;
			children = (
				16889CD41DDCC70F003F6BF5 /* aim-and-shoot */,
			);
			name = Products;
			sourceTree = "<group>";
		};
		16889CD61DDCC70F003F6BF5 /* aim-and-shoot */ = {
			isa = PBXGroup;
			children = (
				16889CD71DDCC70F003F6BF5 /* main.cpp */,
			);
			path = "aim-and-shoot";
			sourceTree = "<group>";
		};
		16889CDE1DDCC743003F6BF5 /* Frameworks */ = {
			isa = PBXGroup;
			children = (
				16889CE11DDCC749003F6BF5 /* OpenGL.framework */,
				16889CDF1DDCC743003F6BF5 /* GLUT.framework */,
			);
			name = Frameworks;
			sourceTree = "<group>";
		};
/* End PBXGroup section */

/* Begin PBXNativeTarget section */
		16889CD31DDCC70F003F6BF5 /* aim-and-shoot */ = {
			isa = PBXNativeTarget;
			buildConfigurationList = 16889CDB1DDCC70F003F6BF5 /* Build configuration list for PBXNativeTarget "aim-and-shoot" */;
			buildPhases = (
				16889CD01DDCC70F003F6BF5 /* Sources */,
				16889CD11DDCC70F003F6BF5 /* Frameworks */,
				16889CD21DDCC70F003F6BF5 /* CopyFiles */,
			);
			buildRules = (
			);
			dependencies = (
			);
			name = "aim-and-shoot";
			productName = "aim-and-shoot";
			productReference = 16889CD41DDCC70F003F6BF5 /* aim-and-shoot */;
			productType = "com.apple.product-type.tool";
		};
/* End PBXNativeTarget section */

/* Begin PBXProject section */
		16889CCC1DDCC70F003F6BF5 /* Project object */ = {
			isa = PBXProject;
			attributes = {
				LastUpgradeCheck = 0810;
				ORGANIZATIONNAME = "Ahmed Mohamed";
				TargetAttributes = {
					16889CD31DDCC70F003F6BF5 = {
						CreatedOnToolsVersion = 8.1;
						DevelopmentTeam = 35828L95Q5;
						ProvisioningStyle = Automatic;
					};
				};
			};
			buildConfigurationList = 16889CCF1DDCC70F003F6BF5 /* Build configuration list for PBXProject "aim-and-shoot" */;
			compatibilityVersion = "Xcode 3.2";
			developmentRegion = English;
			hasScannedForEncodings = 0;
			knownRegions = (
				en,
			);
			mainGroup = 16889CCB1DDCC70F003F6BF5;
			productRefGroup = 16889CD51DDCC70F003F6BF5 /* Products */;
			projectDirPath = "";
			projectRoot = "";
			targets = (
				16889CD31DDCC70F003F6BF5 /* aim-and-shoot */,
			);
		};
/* End PBXProject section */

/* Begin PBXSourcesBuildPhase section */
		16889CD01DDCC70F003F6BF5 /* Sources */ = {
			isa = PBXSourcesBuildPhase;
			buildActionMask = 2147483647;
			files = (
				16889CD81DDCC70F003F6BF5 /* main.cpp in Sources */,
			);
			runOnlyForDeploymentPostprocessing = 0;
		};
/* End PBXSourcesBuildPhase section */

/* Begin XCBuildConfiguration section */
		16889CD91DDCC70F003F6BF5 /* Debug */ = {
			isa = XCBuildConfiguration;
			buildSettings = {
				ALWAYS_SEARCH_USER_PATHS = NO;
				CLANG_ANALYZER_NONNULL = YES;
				CLANG_CXX_LANGUAGE_STANDARD = "gnu++0x";
				CLANG_CXX_LIBRARY = "libc++";
				CLANG_ENABLE_MODULES = YES;
				CLANG_ENABLE_OBJC_ARC = YES;
				CLANG_WARN_BOOL_CONVERSION = YES;
				CLANG_WARN_CONSTANT_CONVERSION = YES;
				CLANG_WARN_DIRECT_OBJC_ISA_USAGE = YES_ERROR;
				CLANG_WARN_DOCUMENTATION_COMMENTS = YES;
				CLANG_WARN_EMPTY_BODY = YES;
				CLANG_WARN_ENUM_CONVERSION = YES;
				CLANG_WARN_INFINITE_RECURSION = YES;
				CLANG_WARN_INT_CONVERSION = YES;
				CLANG_WARN_OBJC_ROOT_CLASS = YES_ERROR;
				CLANG_WARN_SUSPICIOUS_MOVES = YES;
				CLANG_WARN_UNREACHABLE_CODE = YES;
				CLANG_WARN__DUPLICATE_METHOD_MATCH = YES;
				CODE_SIGN_IDENTITY = "-";
				COPY_PHASE_STRIP = NO;
				DEBUG_INFORMATION_FORMAT = dwarf;
				ENABLE_STRICT_OBJC_MSGSEND = YES;
				ENABLE_TESTABILITY = YES;
				GCC_C_LANGUAGE_STANDARD = gnu99;
				GCC_DYNAMIC_NO_PIC = NO;
				GCC_NO_COMMON_BLOCKS = YES;
				GCC_OPTIMIZATION_LEVEL = 0;
				GCC_PREPROCESSOR_DEFINITIONS = (
					"DEBUG=1",
					"$(inherited)",
				);
				GCC_WARN_64_TO_32_BIT_CONVERSION = YES;
				GCC_WARN_ABOUT_RETURN_TYPE = YES_ERROR;
				GCC_WARN_UNDECLARED_SELECTOR = YES;
				GCC_WARN_UNINITIALIZED_AUTOS = YES_AGGRESSIVE;
				GCC_WARN_UNUSED_FUNCTION = YES;
				GCC_WARN_UNUSED_VARIABLE = YES;
				MACOSX_DEPLOYMENT_TARGET = 10.12;
				MTL_ENABLE_DEBUG_INFO = YES;
				ONLY_ACTIVE_ARCH = YES;
				SDKROOT = macosx;
			};
			name = Debug;
		};
		16889CDA1DDCC70F003F6BF5 /* Release */ = {
			isa = XCBuildConfiguration;
			buildSettings = {
				ALWAYS_SEARCH_USER_PATHS = NO;
				CLANG_ANALYZER_NONNULL = YES;
				CLANG_CXX_LANGUAGE_STANDARD = "gnu++0x";
				CLANG_CXX_LIBRARY = "libc++";
				CLANG_ENABLE_MODULES = YES;
				CLANG_ENABLE_OBJC_ARC = YES;
				CLANG_WARN_BOOL_CONVERSION = YES;
				CLANG_WARN_CONSTANT_CONVERSION = YES;
				CLANG_WARN_DIRECT_OBJC_ISA_USAGE = YES_ERROR;
				CLANG_WARN_DOCUMENTATION_COMMENTS = YES;
				CLANG_WARN_EMPTY_BODY = YES;
				CLANG_WARN_ENUM_CONVERSION = YES;
				CLANG_WARN_INFINITE_RECURSION = YES;
				CLANG_WARN_INT_CONVERSION = YES;
				CLANG_WARN_OBJC_ROOT_CLASS = YES_ERROR;
				CLANG_WARN_SUSPICIOUS_MOVES = YES;
				CLANG_WARN_UNREACHABLE_CODE = YES;
				CLANG_WARN__DUPLICATE_METHOD_MATCH = YES;
				CODE_SIGN_IDENTITY = "-";
				COPY_PHASE_STRIP = NO;
				DEBUG_INFORMATION_FORMAT = "dwarf-with-dsym";
				ENABLE_NS_ASSERTIONS = NO;
				ENABLE_STRICT_OBJC_MSGSEND = YES;
				GCC_C_LANGUAGE_STANDARD = gnu99;
				GCC_NO_COMMON_BLOCKS = YES;
				GCC_WARN_64_TO_32_BIT_CONVERSION = YES;
				GCC_WARN_ABOUT_RETURN_TYPE = YES_ERROR;
				GCC_WARN_UNDECLARED_SELECTOR = YES;
				GCC_WARN_UNINITIALIZED_AUTOS = YES_AGGRESSIVE;
				GCC_WARN_UNUSED_FUNCTION = YES;
				GCC_WARN_UNUSED_VARIABLE = YES;
				MACOSX_DEPLOYMENT_TARGET = 10.12;
				MTL_ENABLE_DEBUG_INFO = NO;
				SDKROOT = macosx;
			};
			name = Release;
		};
		16889CDC1DDCC70F003F6BF5 /* Debug */ = {
			isa = XCBuildConfiguration;
			buildSettings = {
				DEVELOPMENT_TEAM = 35828L95Q5;
				MACOSX_DEPLOYMENT_TARGET = 10.12;
				PRODUCT_NAME = "$(TARGET_NAME)";
			};
			name = Debug;
		};
		16889CDD1DDCC70F003F6BF5 /* Release */ = {
			isa = XCBuildConfiguration;
			buildSettings = {
				DEVELOPMENT_TEAM = 35828L95Q5;
				MACOSX_DEPLOYMENT_TARGET = 10.12;
				PRODUCT_NAME = "$(TARGET_NAME)";
			};
			name = Release;
		};
/* End XCBuildConfiguration section */

/* Begin XCConfigurationList section */
		16889CCF1DDCC70F003F6BF5 /* Build configuration list for PBXProject "aim-and-shoot" */ = {
			isa = XCConfigurationList;
			buildConfigurations = (
				16889CD91DDCC70F003F6BF5 /* Debug */,
				16889CDA1DDCC70F003F6BF5 /* Release */,
			);
			defaultConfigurationIsVisible = 0;
			defaultConfigurationName = Release;
		};
		16889CDB1DDCC70F003F6BF5 /* Build configuration list for PBXNativeTarget "aim-and-shoot" */ = {
			isa = XCConfigurationList;
			buildConfigurations = (
				16889CDC1DDCC70F003F6BF5 /* Debug */,
				16889CDD1DDCC70F003F6BF5 /* Release */,
			);
			defaultConfigurationIsVisible = 0;
		};
/* End XCConfigurationList section */
	};
	rootObject = 16889CCC1DDCC70F003F6BF5 /* Project object */;
}
